
Microsoft Visual Studio Solution File, Format Version 12.00
# Visual Studio Version 17
VisualStudioVersion = 17.8.34330.188
MinimumVisualStudioVersion = 10.0.40219.1
Project("{FAE04EC0-301F-11D3-BF4B-00C04F79EFBC}") = "WCFLogicaCoches", "WCFLogicaCoches\WCFLogicaCoches.csproj", "{84A8502B-8B7C-4943-A55C-788EC62FBBEE}"
EndProject
Project("{FAE04EC0-301F-11D3-BF4B-00C04F79EFBC}") = "WCFHostCoches", "WCFHostCoches\WCFHostCoches.csproj", "{40B809AD-6BF8-41FF-9184-D24C780D004A}"
EndProject
Global
	GlobalSection(SolutionConfigurationPlatforms) = preSolution
		Debug|Any CPU = Debug|Any CPU
		Release|Any CPU = Release|Any CPU
	EndGlobalSection
	GlobalSection(ProjectConfigurationPlatforms) = postSolution
		{84A8502B-8B7C-4943-A55C-788EC62FBBEE}.Debug|Any CPU.ActiveCfg = Debug|Any CPU
		{84A8502B-8B7C-4943-A55C-788EC62FBBEE}.Debug|Any CPU.Build.0 = Debug|Any CPU
		{84A8502B-8B7C-4943-A55C-788EC62FBBEE}.Release|Any CPU.ActiveCfg = Release|Any CPU
		{84A8502B-8B7C-4943-A55C-788EC62FBBEE}.Release|Any CPU.Build.0 = Release|Any CPU
		{40B809AD-6BF8-41FF-9184-D24C780D004A}.Debug|Any CPU.ActiveCfg = Debug|Any CPU
		{40B809AD-6BF8-41FF-9184-D24C780D004A}.Debug|Any CPU.Build.0 = Debug|Any CPU
		{40B809AD-6BF8-41FF-9184-D24C780D004A}.Release|Any CPU.ActiveCfg = Release|Any CPU
		{40B809AD-6BF8-41FF-9184-D24C780D004A}.Release|Any CPU.Build.0 = Release|Any CPU
	EndGlobalSection
	GlobalSection(SolutionProperties) = preSolution
		HideSolutionNode = FALSE
	EndGlobalSection
	GlobalSection(ExtensibilityGlobals) = postSolution
		SolutionGuid = {70207794-F1D6-41D1-AB34-EB2DADF3A6A5}
	EndGlobalSection
EndGlobal
